
Microsoft Visual Studio Solution File, Format Version 12.00
# Visual Studio 15
VisualStudioVersion = 15.0.26020.0
MinimumVisualStudioVersion = 10.0.40219.1
Project("{2150E333-8FDC-42A3-9474-1A3956D46DE8}") = "src", "src", "{E426EAD0-F378-4A3D-9BCD-E42CED54EEC7}"
EndProject
Project("{2150E333-8FDC-42A3-9474-1A3956D46DE8}") = "misc", "misc", "{3CC711D4-F114-4399-A440-711E40600B3B}"
	ProjectSection(SolutionItems) = preProject
		Directory.build.project.props = Directory.build.project.props
		Directory.build.props = Directory.build.props
		Directory.build.shared.explicit.props = Directory.build.shared.explicit.props
		Directory.build.shared.implicit.props = Directory.build.shared.implicit.props
		Directory.build.shared.mat.props = Directory.build.shared.mat.props
		Directory.build.targets = Directory.build.targets
		GlobalSuppressions.cs = GlobalSuppressions.cs
		nuget.config = nuget.config
		Orc.Notifications.sln.DotSettings = Orc.Notifications.sln.DotSettings
		SolutionAssemblyInfo.cs = SolutionAssemblyInfo.cs
	EndProjectSection
EndProject
Project("{2150E333-8FDC-42A3-9474-1A3956D46DE8}") = "Core", "Core", "{46427380-44B9-4AF3-8A1F-BB8E353511C7}"
EndProject
Project("{2150E333-8FDC-42A3-9474-1A3956D46DE8}") = "Example", "Example", "{FCC9A205-2182-4525-A6FB-5011125482EF}"
EndProject
Project("{2150E333-8FDC-42A3-9474-1A3956D46DE8}") = "Test", "Test", "{AE5DC7A0-9585-45F3-85C4-C3CD41316EF1}"
EndProject
Project("{9A19103F-16F7-4668-BE54-9A1E7A4F7556}") = "Orc.Notifications", "Orc.Notifications\Orc.Notifications.csproj", "{B4C6FA0A-0B29-4BE8-AEAB-3A7705C0C961}"
EndProject
Project("{9A19103F-16F7-4668-BE54-9A1E7A4F7556}") = "Orc.Notifications.Example.NET", "Orc.Notifications.Example.NET\Orc.Notifications.Example.NET.csproj", "{9BEF44E7-66CD-4B5F-8230-59B3F783CB7E}"
EndProject
Project("{9A19103F-16F7-4668-BE54-9A1E7A4F7556}") = "Orc.Notifications.Tests", "Orc.Notifications.Tests\Orc.Notifications.Tests.csproj", "{F1F6EE27-CFF7-4899-A4B0-09BA08DF3792}"
EndProject
Global
	GlobalSection(SolutionConfigurationPlatforms) = preSolution
		Debug|Any CPU = Debug|Any CPU
		Release|Any CPU = Release|Any CPU
	EndGlobalSection
	GlobalSection(ProjectConfigurationPlatforms) = postSolution
		{B4C6FA0A-0B29-4BE8-AEAB-3A7705C0C961}.Debug|Any CPU.ActiveCfg = Debug|Any CPU
		{B4C6FA0A-0B29-4BE8-AEAB-3A7705C0C961}.Debug|Any CPU.Build.0 = Debug|Any CPU
		{B4C6FA0A-0B29-4BE8-AEAB-3A7705C0C961}.Release|Any CPU.ActiveCfg = Release|Any CPU
		{B4C6FA0A-0B29-4BE8-AEAB-3A7705C0C961}.Release|Any CPU.Build.0 = Release|Any CPU
		{9BEF44E7-66CD-4B5F-8230-59B3F783CB7E}.Debug|Any CPU.ActiveCfg = Debug|Any CPU
		{9BEF44E7-66CD-4B5F-8230-59B3F783CB7E}.Debug|Any CPU.Build.0 = Debug|Any CPU
		{9BEF44E7-66CD-4B5F-8230-59B3F783CB7E}.Release|Any CPU.ActiveCfg = Release|Any CPU
		{9BEF44E7-66CD-4B5F-8230-59B3F783CB7E}.Release|Any CPU.Build.0 = Release|Any CPU
		{F1F6EE27-CFF7-4899-A4B0-09BA08DF3792}.Debug|Any CPU.ActiveCfg = Debug|Any CPU
		{F1F6EE27-CFF7-4899-A4B0-09BA08DF3792}.Debug|Any CPU.Build.0 = Debug|Any CPU
		{F1F6EE27-CFF7-4899-A4B0-09BA08DF3792}.Release|Any CPU.ActiveCfg = Release|Any CPU
		{F1F6EE27-CFF7-4899-A4B0-09BA08DF3792}.Release|Any CPU.Build.0 = Release|Any CPU
	EndGlobalSection
	GlobalSection(SolutionProperties) = preSolution
		HideSolutionNode = FALSE
	EndGlobalSection
	GlobalSection(NestedProjects) = preSolution
		{46427380-44B9-4AF3-8A1F-BB8E353511C7} = {E426EAD0-F378-4A3D-9BCD-E42CED54EEC7}
		{FCC9A205-2182-4525-A6FB-5011125482EF} = {E426EAD0-F378-4A3D-9BCD-E42CED54EEC7}
		{AE5DC7A0-9585-45F3-85C4-C3CD41316EF1} = {E426EAD0-F378-4A3D-9BCD-E42CED54EEC7}
		{B4C6FA0A-0B29-4BE8-AEAB-3A7705C0C961} = {46427380-44B9-4AF3-8A1F-BB8E353511C7}
		{9BEF44E7-66CD-4B5F-8230-59B3F783CB7E} = {FCC9A205-2182-4525-A6FB-5011125482EF}
		{F1F6EE27-CFF7-4899-A4B0-09BA08DF3792} = {AE5DC7A0-9585-45F3-85C4-C3CD41316EF1}
	EndGlobalSection
	GlobalSection(ExtensibilityGlobals) = postSolution
		SolutionGuid = {EE45D916-816C-4B12-9BF0-5ADA2B42A53A}
	EndGlobalSection
EndGlobal
